{
  "name": "roguelike-dev",
  "lockfileVersion": 3,
  "requires": true,
  "packages": {
    "": {
      "dependencies": {
        "rexpaintjs": "^0.1.2"
      }
    },
    "node_modules/rexpaintjs": {
      "version": "0.1.2",
      "resolved": "https://registry.npmjs.org/rexpaintjs/-/rexpaintjs-0.1.2.tgz",
      "integrity": "sha512-HQcSGhlNODU73UdLRCDZm14DBTWynGr05IXsmI/2Kt3mTaEQvNE5ci6Lfp05SQjPwsAgWdkVkMrPnFRGQkq86g=="
    }
  }
}
